github.com/corelayer/go-corelogic-framework-models v0.1.0 h1:0nSyTYmmQpnHUFV6UzQZ8Kmpd/6HhJKNzrd0yiPuLyU=
github.com/corelayer/go-corelogic-framework-models v0.1.0/go.mod h1:XTGbutk6bWSF9q05qtqlvnM2qBvGHvKF7rnVyTL49h8=
github.com/corelayer/go-corelogic-framework-models v0.1.1-0.20221006145021-f30d70741e87 h1:HqEPFGGIYGj6RVhT9X4axEjx6Rkfn2dTuVoc7GlIaiA=
github.com/corelayer/go-corelogic-framework-models v0.1.1-0.20221006145021-f30d70741e87/go.mod h1:XTGbutk6bWSF9q05qtqlvnM2qBvGHvKF7rnVyTL49h8=
github.com/corelayer/go-corelogic-framework-models v0.1.1-0.20221007212540-37ffb64bb45b h1:sbhsKDvnhVCAd96pSF9dHHp4H1otOExdfvDx8FYVRuk=
github.com/corelayer/go-corelogic-framework-models v0.1.1-0.20221007212540-37ffb64bb45b/go.mod h1:XTGbutk6bWSF9q05qtqlvnM2qBvGHvKF7rnVyTL49h8=
github.com/corelayer/go-corelogic-framework-models v0.1.1-0.20221007221432-bf56140f42fa h1:dbBIKGHG+U6J0Zv/phJqR7IrmgGFqTpQohZw3Z6hptE=
github.com/corelayer/go-corelogic-framework-models v0.1.1-0.20221007221432-bf56140f42fa/go.mod h1:XTGbutk6bWSF9q05qtqlvnM2qBvGHvKF7rnVyTL49h8=
github.com/corelayer/go-corelogic-framework-models v0.1.1-0.20221007224651-860d2680213b h1:hMkbqz4namOwAm7x4Nue9i3M8amm7o12QUlrC7p5/KU=
github.com/corelayer/go-corelogic-framework-models v0.1.1-0.20221007224651-860d2680213b/go.mod h1:XTGbutk6bWSF9q05qtqlvnM2qBvGHvKF7rnVyTL49h8=
github.com/corelayer/go-corelogic-framework-models v0.1.1-0.20221007225752-509c4adc852d h1:d4mb1f3UtqnHF5EYD8JBTZScIX+LCNrWyfB2WCi5/DM=
github.com/corelayer/go-corelogic-framework-models v0.1.1-0.20221007225752-509c4adc852d/go.mod h1:XTGbutk6bWSF9q05qtqlvnM2qBvGHvKF7rnVyTL49h8=
github.com/corelayer/go-corelogic-framework-models v0.1.1-0.20221007233731-3bfc311f7735 h1:ke/eYLu5VEXcVn2ax/xSootqc0XR4fAR0X/zj1jEUYI=
github.com/corelayer/go-corelogic-framework-models v0.1.1-0.20221007233731-3bfc311f7735/go.mod h1:XTGbutk6bWSF9q05qtqlvnM2qBvGHvKF7rnVyTL49h8=
github.com/corelayer/go-corelogic-framework-models v0.1.1-0.20221008002015-b2446570b58f h1:0Oj4ejJvWIt+nVWwZoRAiSEsJs+Qcu9xdlj4laWW580=
github.com/corelayer/go-corelogic-framework-models v0.1.1-0.20221008002015-b2446570b58f/go.mod h1:XTGbutk6bWSF9q05qtqlvnM2qBvGHvKF7rnVyTL49h8=
gopkg.in/check.v1 v0.0.0-20161208181325-20d25e280405 h1:yhCVgyC4o1eVCa2tZl7eS0r+SDo693bJlVdllGtEeKM=
gopkg.in/check.v1 v0.0.0-20161208181325-20d25e280405/go.mod h1:Co6ibVJAznAaIkqp8huTwlJQCZ016jof/cbN4VW5Yz0=
gopkg.in/yaml.v3 v3.0.1 h1:fxVm/GzAzEWqLHuvctI91KS9hhNmmWOoWu0XTYJS7CA=
gopkg.in/yaml.v3 v3.0.1/go.mod h1:K4uyk7z7BCEPqu6E+C64Yfv1cQ7kz7rIZviUmN+EgEM=
